
Microsoft Visual Studio Solution File, Format Version 12.00
# Visual Studio Version 17
VisualStudioVersion = 17.11.35222.181
MinimumVisualStudioVersion = 10.0.40219.1
Project("{FAE04EC0-301F-11D3-BF4B-00C04F79EFBC}") = "exercicio_fixacacao", "exercicio_fixacacao\exercicio_fixacacao.csproj", "{5DEE2DEE-7CF3-46AC-A696-E0D020004239}"
EndProject
Global
	GlobalSection(SolutionConfigurationPlatforms) = preSolution
		Debug|Any CPU = Debug|Any CPU
		Release|Any CPU = Release|Any CPU
	EndGlobalSection
	GlobalSection(ProjectConfigurationPlatforms) = postSolution
		{5DEE2DEE-7CF3-46AC-A696-E0D020004239}.Debug|Any CPU.ActiveCfg = Debug|Any CPU
		{5DEE2DEE-7CF3-46AC-A696-E0D020004239}.Debug|Any CPU.Build.0 = Debug|Any CPU
		{5DEE2DEE-7CF3-46AC-A696-E0D020004239}.Release|Any CPU.ActiveCfg = Release|Any CPU
		{5DEE2DEE-7CF3-46AC-A696-E0D020004239}.Release|Any CPU.Build.0 = Release|Any CPU
	EndGlobalSection
	GlobalSection(SolutionProperties) = preSolution
		HideSolutionNode = FALSE
	EndGlobalSection
	GlobalSection(ExtensibilityGlobals) = postSolution
		SolutionGuid = {2A43D4E0-CF89-41E5-BAB7-07B7AC748369}
	EndGlobalSection
EndGlobal
