
Microsoft Visual Studio Solution File, Format Version 12.00
# Visual Studio Version 17
VisualStudioVersion = 17.11.35222.181
MinimumVisualStudioVersion = 10.0.40219.1
Project("{FAE04EC0-301F-11D3-BF4B-00C04F79EFBC}") = "repeticao-while", "repeticao-while\repeticao-while.csproj", "{F9F03AE7-27EF-42C0-A148-CDF65E2E2E19}"
EndProject
Global
	GlobalSection(SolutionConfigurationPlatforms) = preSolution
		Debug|Any CPU = Debug|Any CPU
		Release|Any CPU = Release|Any CPU
	EndGlobalSection
	GlobalSection(ProjectConfigurationPlatforms) = postSolution
		{F9F03AE7-27EF-42C0-A148-CDF65E2E2E19}.Debug|Any CPU.ActiveCfg = Debug|Any CPU
		{F9F03AE7-27EF-42C0-A148-CDF65E2E2E19}.Debug|Any CPU.Build.0 = Debug|Any CPU
		{F9F03AE7-27EF-42C0-A148-CDF65E2E2E19}.Release|Any CPU.ActiveCfg = Release|Any CPU
		{F9F03AE7-27EF-42C0-A148-CDF65E2E2E19}.Release|Any CPU.Build.0 = Release|Any CPU
	EndGlobalSection
	GlobalSection(SolutionProperties) = preSolution
		HideSolutionNode = FALSE
	EndGlobalSection
	GlobalSection(ExtensibilityGlobals) = postSolution
		SolutionGuid = {75FA2FAA-4177-4D6C-9FD7-C1D335714B53}
	EndGlobalSection
EndGlobal
