
Microsoft Visual Studio Solution File, Format Version 12.00
# Visual Studio Version 17
VisualStudioVersion = 17.11.35222.181
MinimumVisualStudioVersion = 10.0.40219.1
Project("{FAE04EC0-301F-11D3-BF4B-00C04F79EFBC}") = "exercicio-class2", "exercicio-class2\exercicio-class2.csproj", "{F82692D2-E043-4A51-8614-7889F8878FBA}"
EndProject
Global
	GlobalSection(SolutionConfigurationPlatforms) = preSolution
		Debug|Any CPU = Debug|Any CPU
		Release|Any CPU = Release|Any CPU
	EndGlobalSection
	GlobalSection(ProjectConfigurationPlatforms) = postSolution
		{F82692D2-E043-4A51-8614-7889F8878FBA}.Debug|Any CPU.ActiveCfg = Debug|Any CPU
		{F82692D2-E043-4A51-8614-7889F8878FBA}.Debug|Any CPU.Build.0 = Debug|Any CPU
		{F82692D2-E043-4A51-8614-7889F8878FBA}.Release|Any CPU.ActiveCfg = Release|Any CPU
		{F82692D2-E043-4A51-8614-7889F8878FBA}.Release|Any CPU.Build.0 = Release|Any CPU
	EndGlobalSection
	GlobalSection(SolutionProperties) = preSolution
		HideSolutionNode = FALSE
	EndGlobalSection
	GlobalSection(ExtensibilityGlobals) = postSolution
		SolutionGuid = {A46FDBF4-2391-418F-BB78-57E386CF20E3}
	EndGlobalSection
EndGlobal
