
Microsoft Visual Studio Solution File, Format Version 12.00
# Visual Studio Version 17
VisualStudioVersion = 17.11.35222.181
MinimumVisualStudioVersion = 10.0.40219.1
Project("{FAE04EC0-301F-11D3-BF4B-00C04F79EFBC}") = "condicional", "condicional\condicional.csproj", "{A49172BA-60F6-448D-B945-BE2E1A5CCD5C}"
EndProject
Global
	GlobalSection(SolutionConfigurationPlatforms) = preSolution
		Debug|Any CPU = Debug|Any CPU
		Release|Any CPU = Release|Any CPU
	EndGlobalSection
	GlobalSection(ProjectConfigurationPlatforms) = postSolution
		{A49172BA-60F6-448D-B945-BE2E1A5CCD5C}.Debug|Any CPU.ActiveCfg = Debug|Any CPU
		{A49172BA-60F6-448D-B945-BE2E1A5CCD5C}.Debug|Any CPU.Build.0 = Debug|Any CPU
		{A49172BA-60F6-448D-B945-BE2E1A5CCD5C}.Release|Any CPU.ActiveCfg = Release|Any CPU
		{A49172BA-60F6-448D-B945-BE2E1A5CCD5C}.Release|Any CPU.Build.0 = Release|Any CPU
	EndGlobalSection
	GlobalSection(SolutionProperties) = preSolution
		HideSolutionNode = FALSE
	EndGlobalSection
	GlobalSection(ExtensibilityGlobals) = postSolution
		SolutionGuid = {7766FB8E-9F5C-4DB8-AC9F-4EA067A1F9BB}
	EndGlobalSection
EndGlobal
