
Microsoft Visual Studio Solution File, Format Version 12.00
# Visual Studio Version 17
VisualStudioVersion = 17.11.35222.181
MinimumVisualStudioVersion = 10.0.40219.1
Project("{FAE04EC0-301F-11D3-BF4B-00C04F79EFBC}") = "Problema1-semOO", "Problema1-semOO\Problema1-semOO.csproj", "{068E23CE-F21E-44A3-BDF2-967C9D52BBB8}"
EndProject
Global
	GlobalSection(SolutionConfigurationPlatforms) = preSolution
		Debug|Any CPU = Debug|Any CPU
		Release|Any CPU = Release|Any CPU
	EndGlobalSection
	GlobalSection(ProjectConfigurationPlatforms) = postSolution
		{068E23CE-F21E-44A3-BDF2-967C9D52BBB8}.Debug|Any CPU.ActiveCfg = Debug|Any CPU
		{068E23CE-F21E-44A3-BDF2-967C9D52BBB8}.Debug|Any CPU.Build.0 = Debug|Any CPU
		{068E23CE-F21E-44A3-BDF2-967C9D52BBB8}.Release|Any CPU.ActiveCfg = Release|Any CPU
		{068E23CE-F21E-44A3-BDF2-967C9D52BBB8}.Release|Any CPU.Build.0 = Release|Any CPU
	EndGlobalSection
	GlobalSection(SolutionProperties) = preSolution
		HideSolutionNode = FALSE
	EndGlobalSection
	GlobalSection(ExtensibilityGlobals) = postSolution
		SolutionGuid = {C0DFCA23-38CE-4168-9BEF-133C379E7868}
	EndGlobalSection
EndGlobal
