
Microsoft Visual Studio Solution File, Format Version 12.00
# Visual Studio Version 17
VisualStudioVersion = 17.11.35222.181
MinimumVisualStudioVersion = 10.0.40219.1
Project("{FAE04EC0-301F-11D3-BF4B-00C04F79EFBC}") = "classes", "classes\classes.csproj", "{D1C7095C-2599-433B-A930-E7A46EC27B46}"
EndProject
Global
	GlobalSection(SolutionConfigurationPlatforms) = preSolution
		Debug|Any CPU = Debug|Any CPU
		Release|Any CPU = Release|Any CPU
	EndGlobalSection
	GlobalSection(ProjectConfigurationPlatforms) = postSolution
		{D1C7095C-2599-433B-A930-E7A46EC27B46}.Debug|Any CPU.ActiveCfg = Debug|Any CPU
		{D1C7095C-2599-433B-A930-E7A46EC27B46}.Debug|Any CPU.Build.0 = Debug|Any CPU
		{D1C7095C-2599-433B-A930-E7A46EC27B46}.Release|Any CPU.ActiveCfg = Release|Any CPU
		{D1C7095C-2599-433B-A930-E7A46EC27B46}.Release|Any CPU.Build.0 = Release|Any CPU
	EndGlobalSection
	GlobalSection(SolutionProperties) = preSolution
		HideSolutionNode = FALSE
	EndGlobalSection
	GlobalSection(ExtensibilityGlobals) = postSolution
		SolutionGuid = {A48798C8-9EC0-4196-9EA0-1A498C659416}
	EndGlobalSection
EndGlobal
