
Microsoft Visual Studio Solution File, Format Version 12.00
# Visual Studio Version 17
VisualStudioVersion = 17.11.35222.181
MinimumVisualStudioVersion = 10.0.40219.1
Project("{FAE04EC0-301F-11D3-BF4B-00C04F79EFBC}") = "exercicio-estoque", "exercicio-estoque\exercicio-estoque.csproj", "{ADF591DF-80EF-433A-9780-AD426B36E4CE}"
EndProject
Global
	GlobalSection(SolutionConfigurationPlatforms) = preSolution
		Debug|Any CPU = Debug|Any CPU
		Release|Any CPU = Release|Any CPU
	EndGlobalSection
	GlobalSection(ProjectConfigurationPlatforms) = postSolution
		{ADF591DF-80EF-433A-9780-AD426B36E4CE}.Debug|Any CPU.ActiveCfg = Debug|Any CPU
		{ADF591DF-80EF-433A-9780-AD426B36E4CE}.Debug|Any CPU.Build.0 = Debug|Any CPU
		{ADF591DF-80EF-433A-9780-AD426B36E4CE}.Release|Any CPU.ActiveCfg = Release|Any CPU
		{ADF591DF-80EF-433A-9780-AD426B36E4CE}.Release|Any CPU.Build.0 = Release|Any CPU
	EndGlobalSection
	GlobalSection(SolutionProperties) = preSolution
		HideSolutionNode = FALSE
	EndGlobalSection
	GlobalSection(ExtensibilityGlobals) = postSolution
		SolutionGuid = {C7FF0E7F-FA4A-4B10-BEF4-76DBDB475B8B}
	EndGlobalSection
EndGlobal
