
Microsoft Visual Studio Solution File, Format Version 12.00
# Visual Studio Version 17
VisualStudioVersion = 17.11.35222.181
MinimumVisualStudioVersion = 10.0.40219.1
Project("{FAE04EC0-301F-11D3-BF4B-00C04F79EFBC}") = "exercicio-class", "exercicio-class\exercicio-class.csproj", "{BCFF4D78-5BD5-4B76-B9AD-D4EBCB50D17B}"
EndProject
Global
	GlobalSection(SolutionConfigurationPlatforms) = preSolution
		Debug|Any CPU = Debug|Any CPU
		Release|Any CPU = Release|Any CPU
	EndGlobalSection
	GlobalSection(ProjectConfigurationPlatforms) = postSolution
		{BCFF4D78-5BD5-4B76-B9AD-D4EBCB50D17B}.Debug|Any CPU.ActiveCfg = Debug|Any CPU
		{BCFF4D78-5BD5-4B76-B9AD-D4EBCB50D17B}.Debug|Any CPU.Build.0 = Debug|Any CPU
		{BCFF4D78-5BD5-4B76-B9AD-D4EBCB50D17B}.Release|Any CPU.ActiveCfg = Release|Any CPU
		{BCFF4D78-5BD5-4B76-B9AD-D4EBCB50D17B}.Release|Any CPU.Build.0 = Release|Any CPU
	EndGlobalSection
	GlobalSection(SolutionProperties) = preSolution
		HideSolutionNode = FALSE
	EndGlobalSection
	GlobalSection(ExtensibilityGlobals) = postSolution
		SolutionGuid = {271540FB-063E-40B7-8DDA-F0E37D81BE50}
	EndGlobalSection
EndGlobal
