
Microsoft Visual Studio Solution File, Format Version 12.00
# Visual Studio Version 17
VisualStudioVersion = 17.11.35222.181
MinimumVisualStudioVersion = 10.0.40219.1
Project("{FAE04EC0-301F-11D3-BF4B-00C04F79EFBC}") = "Encapsulamento", "Encapsulamento\Encapsulamento.csproj", "{482CED05-B0C2-430E-A5AC-E8DC78F7B123}"
EndProject
Global
	GlobalSection(SolutionConfigurationPlatforms) = preSolution
		Debug|Any CPU = Debug|Any CPU
		Release|Any CPU = Release|Any CPU
	EndGlobalSection
	GlobalSection(ProjectConfigurationPlatforms) = postSolution
		{482CED05-B0C2-430E-A5AC-E8DC78F7B123}.Debug|Any CPU.ActiveCfg = Debug|Any CPU
		{482CED05-B0C2-430E-A5AC-E8DC78F7B123}.Debug|Any CPU.Build.0 = Debug|Any CPU
		{482CED05-B0C2-430E-A5AC-E8DC78F7B123}.Release|Any CPU.ActiveCfg = Release|Any CPU
		{482CED05-B0C2-430E-A5AC-E8DC78F7B123}.Release|Any CPU.Build.0 = Release|Any CPU
	EndGlobalSection
	GlobalSection(SolutionProperties) = preSolution
		HideSolutionNode = FALSE
	EndGlobalSection
	GlobalSection(ExtensibilityGlobals) = postSolution
		SolutionGuid = {21441006-2E05-4D13-83ED-0F0F0E52E4D1}
	EndGlobalSection
EndGlobal
