
Microsoft Visual Studio Solution File, Format Version 12.00
# Visual Studio Version 17
VisualStudioVersion = 17.11.35222.181
MinimumVisualStudioVersion = 10.0.40219.1
Project("{FAE04EC0-301F-11D3-BF4B-00C04F79EFBC}") = "PrimeiroProjeto", "PrimeiroProjeto\PrimeiroProjeto.csproj", "{96898DAB-9C38-408C-9EC8-18B0487B56BC}"
EndProject
Global
	GlobalSection(SolutionConfigurationPlatforms) = preSolution
		Debug|Any CPU = Debug|Any CPU
		Release|Any CPU = Release|Any CPU
	EndGlobalSection
	GlobalSection(ProjectConfigurationPlatforms) = postSolution
		{96898DAB-9C38-408C-9EC8-18B0487B56BC}.Debug|Any CPU.ActiveCfg = Debug|Any CPU
		{96898DAB-9C38-408C-9EC8-18B0487B56BC}.Debug|Any CPU.Build.0 = Debug|Any CPU
		{96898DAB-9C38-408C-9EC8-18B0487B56BC}.Release|Any CPU.ActiveCfg = Release|Any CPU
		{96898DAB-9C38-408C-9EC8-18B0487B56BC}.Release|Any CPU.Build.0 = Release|Any CPU
	EndGlobalSection
	GlobalSection(SolutionProperties) = preSolution
		HideSolutionNode = FALSE
	EndGlobalSection
	GlobalSection(ExtensibilityGlobals) = postSolution
		SolutionGuid = {59E1E6D3-740E-4094-BEC8-6F1ADEF19271}
	EndGlobalSection
EndGlobal
